Microsoft Visual Studio Solution File, Format Version 12.00
# Visual Studio 2012
Project("{FAE04EC0-301F-11D3-BF4B-00C04F79EFBC}") = "3dtest", "3dtest.csproj", "{B72066EA-33C2-4225-A340-5BCC58BC3ACF}"
EndProject
Global
	GlobalSection(SolutionConfigurationPlatforms) = preSolution
	Debug|Any CPU = Debug|Any CPU
	ExportDebug|Any CPU = ExportDebug|Any CPU
	ExportRelease|Any CPU = ExportRelease|Any CPU
	EndGlobalSection
	GlobalSection(ProjectConfigurationPlatforms) = postSolution
		{B72066EA-33C2-4225-A340-5BCC58BC3ACF}.Debug|Any CPU.ActiveCfg = Debug|Any CPU
		{B72066EA-33C2-4225-A340-5BCC58BC3ACF}.Debug|Any CPU.Build.0 = Debug|Any CPU
		{B72066EA-33C2-4225-A340-5BCC58BC3ACF}.ExportDebug|Any CPU.ActiveCfg = ExportDebug|Any CPU
		{B72066EA-33C2-4225-A340-5BCC58BC3ACF}.ExportDebug|Any CPU.Build.0 = ExportDebug|Any CPU
		{B72066EA-33C2-4225-A340-5BCC58BC3ACF}.ExportRelease|Any CPU.ActiveCfg = ExportRelease|Any CPU
		{B72066EA-33C2-4225-A340-5BCC58BC3ACF}.ExportRelease|Any CPU.Build.0 = ExportRelease|Any CPU
	EndGlobalSection
EndGlobal
